
Microsoft Visual Studio Solution File, Format Version 12.00
# Visual Studio Version 16
VisualStudioVersion = 16.0.29806.167
MinimumVisualStudioVersion = 10.0.40219.1
Project("{9A19103F-16F7-4668-BE54-9A1E7A4F7556}") = "StringsProcessor.Host", "src/StringsProcessor.Host\StringsProcessor.Host.csproj", "{CCBC9B88-0976-4EB5-8EA8-AFC3637F4D15}"
EndProject
Project("{9A19103F-16F7-4668-BE54-9A1E7A4F7556}") = "StringsProcessor.Application", "src/StringsProcessor.Application\StringsProcessor.Application.csproj", "{9E532F34-8FA9-4B00-B992-3279AF85DEE4}"
EndProject
Project("{2150E333-8FDC-42A3-9474-1A3956D46DE8}") = "Tests", "Tests", "{F2E5E3B5-0EFC-448F-BA4A-83A2AF2446FD}"
EndProject
Project("{FAE04EC0-301F-11D3-BF4B-00C04F79EFBC}") = "StringsProcessor.Application.UnitTests", "Tests\StringsProcessor.Application.UnitTests\StringsProcessor.Application.UnitTests.csproj", "{019F135D-D81C-472F-A27D-C47C35D327EB}"
EndProject
Global
	GlobalSection(SolutionConfigurationPlatforms) = preSolution
		Debug|Any CPU = Debug|Any CPU
		Release|Any CPU = Release|Any CPU
	EndGlobalSection
	GlobalSection(ProjectConfigurationPlatforms) = postSolution
		{CCBC9B88-0976-4EB5-8EA8-AFC3637F4D15}.Debug|Any CPU.ActiveCfg = Debug|Any CPU
		{CCBC9B88-0976-4EB5-8EA8-AFC3637F4D15}.Debug|Any CPU.Build.0 = Debug|Any CPU
		{CCBC9B88-0976-4EB5-8EA8-AFC3637F4D15}.Release|Any CPU.ActiveCfg = Release|Any CPU
		{CCBC9B88-0976-4EB5-8EA8-AFC3637F4D15}.Release|Any CPU.Build.0 = Release|Any CPU
		{9E532F34-8FA9-4B00-B992-3279AF85DEE4}.Debug|Any CPU.ActiveCfg = Debug|Any CPU
		{9E532F34-8FA9-4B00-B992-3279AF85DEE4}.Debug|Any CPU.Build.0 = Debug|Any CPU
		{9E532F34-8FA9-4B00-B992-3279AF85DEE4}.Release|Any CPU.ActiveCfg = Release|Any CPU
		{9E532F34-8FA9-4B00-B992-3279AF85DEE4}.Release|Any CPU.Build.0 = Release|Any CPU
		{019F135D-D81C-472F-A27D-C47C35D327EB}.Debug|Any CPU.ActiveCfg = Debug|Any CPU
		{019F135D-D81C-472F-A27D-C47C35D327EB}.Debug|Any CPU.Build.0 = Debug|Any CPU
		{019F135D-D81C-472F-A27D-C47C35D327EB}.Release|Any CPU.ActiveCfg = Release|Any CPU
		{019F135D-D81C-472F-A27D-C47C35D327EB}.Release|Any CPU.Build.0 = Release|Any CPU
	EndGlobalSection
	GlobalSection(SolutionProperties) = preSolution
		HideSolutionNode = FALSE
	EndGlobalSection
	GlobalSection(NestedProjects) = preSolution
		{019F135D-D81C-472F-A27D-C47C35D327EB} = {F2E5E3B5-0EFC-448F-BA4A-83A2AF2446FD}
	EndGlobalSection
	GlobalSection(ExtensibilityGlobals) = postSolution
		SolutionGuid = {7E90E47A-9FEB-4635-8BB7-4AB0217BEDF2}
	EndGlobalSection
EndGlobal
